
Microsoft Visual Studio Solution File, Format Version 12.00
# Visual Studio Version 16
VisualStudioVersion = 16.0.30517.126
MinimumVisualStudioVersion = 10.0.40219.1
Project("{FAE04EC0-301F-11D3-BF4B-00C04F79EFBC}") = "TriangleDemo1", "TriangleDemo1.csproj", "{A81582B1-FE79-46EB-82A8-D61AD4100205}"
EndProject
Project("{FAE04EC0-301F-11D3-BF4B-00C04F79EFBC}") = "UnitTestTriangle", "..\UnitTestTriangle\UnitTestTriangle.csproj", "{E5D9E266-B682-43F9-8383-9D5A61A99225}"
EndProject
Global
	GlobalSection(SolutionConfigurationPlatforms) = preSolution
		Debug|Any CPU = Debug|Any CPU
		Release|Any CPU = Release|Any CPU
	EndGlobalSection
	GlobalSection(ProjectConfigurationPlatforms) = postSolution
		{A81582B1-FE79-46EB-82A8-D61AD4100205}.Debug|Any CPU.ActiveCfg = Debug|Any CPU
		{A81582B1-FE79-46EB-82A8-D61AD4100205}.Debug|Any CPU.Build.0 = Debug|Any CPU
		{A81582B1-FE79-46EB-82A8-D61AD4100205}.Release|Any CPU.ActiveCfg = Release|Any CPU
		{A81582B1-FE79-46EB-82A8-D61AD4100205}.Release|Any CPU.Build.0 = Release|Any CPU
		{E5D9E266-B682-43F9-8383-9D5A61A99225}.Debug|Any CPU.ActiveCfg = Debug|Any CPU
		{E5D9E266-B682-43F9-8383-9D5A61A99225}.Debug|Any CPU.Build.0 = Debug|Any CPU
		{E5D9E266-B682-43F9-8383-9D5A61A99225}.Release|Any CPU.ActiveCfg = Release|Any CPU
		{E5D9E266-B682-43F9-8383-9D5A61A99225}.Release|Any CPU.Build.0 = Release|Any CPU
	EndGlobalSection
	GlobalSection(SolutionProperties) = preSolution
		HideSolutionNode = FALSE
	EndGlobalSection
	GlobalSection(ExtensibilityGlobals) = postSolution
		SolutionGuid = {4FC94729-51DC-42F5-8713-CD7F7AAABA11}
	EndGlobalSection
EndGlobal
